// !$*UTF8*$!
{
	archiveVersion = 1;
	classes = {
	};
	objectVersion = 55;
	objects = {

/* Begin PBXBuildFile section */
		83ACCFB6286E6F130015B8D9 /* AppDelegate.swift in Sources */ = {isa = PBXBuildFile; fileRef = 83ACCFB5286E6F130015B8D9 /* AppDelegate.swift */; };
		83ACCFB8286E6F130015B8D9 /* SceneDelegate.swift in Sources */ = {isa = PBXBuildFile; fileRef = 83ACCFB7286E6F130015B8D9 /* SceneDelegate.swift */; };
		83ACCFBF286E6F150015B8D9 /* Assets.xcassets in Resources */ = {isa = PBXBuildFile; fileRef = 83ACCFBE286E6F150015B8D9 /* Assets.xcassets */; };
		83ACCFC2286E6F150015B8D9 /* LaunchScreen.storyboard in Resources */ = {isa = PBXBuildFile; fileRef = 83ACCFC0286E6F150015B8D9 /* LaunchScreen.storyboard */; };
		83ACCFCA286E73F90015B8D9 /* CountryCovidData.swift in Sources */ = {isa = PBXBuildFile; fileRef = 83ACCFC9286E73F90015B8D9 /* CountryCovidData.swift */; };
		83ACCFCC286E9A780015B8D9 /* NetworkManager.swift in Sources */ = {isa = PBXBuildFile; fileRef = 83ACCFCB286E9A780015B8D9 /* NetworkManager.swift */; };
		83ACCFD0286E9BC80015B8D9 /* DashboardVC.swift in Sources */ = {isa = PBXBuildFile; fileRef = 83ACCFCF286E9BC80015B8D9 /* DashboardVC.swift */; };
		83ACCFD2286E9BF30015B8D9 /* SettingsVC.swift in Sources */ = {isa = PBXBuildFile; fileRef = 83ACCFD1286E9BF30015B8D9 /* SettingsVC.swift */; };
		83ACCFD4286FBA5F0015B8D9 /* SearchVC.swift in Sources */ = {isa = PBXBuildFile; fileRef = 83ACCFD3286FBA5F0015B8D9 /* SearchVC.swift */; };
		83ACCFD6286FBE7B0015B8D9 /* C19TextField.swift in Sources */ = {isa = PBXBuildFile; fileRef = 83ACCFD5286FBE7B0015B8D9 /* C19TextField.swift */; };
		83ACCFDC2873C9D50015B8D9 /* countriesData.json in Resources */ = {isa = PBXBuildFile; fileRef = 83ACCFDB2873C9D50015B8D9 /* countriesData.json */; };
		83ACCFDE2873CAFD0015B8D9 /* CountryManager.swift in Sources */ = {isa = PBXBuildFile; fileRef = 83ACCFDD2873CAFD0015B8D9 /* CountryManager.swift */; };
		83ACCFE22873D0750015B8D9 /* CountryIdentityData.swift in Sources */ = {isa = PBXBuildFile; fileRef = 83ACCFE12873D0750015B8D9 /* CountryIdentityData.swift */; };
		83ACCFE4287511BC0015B8D9 /* FlagImageView.swift in Sources */ = {isa = PBXBuildFile; fileRef = 83ACCFE3287511BC0015B8D9 /* FlagImageView.swift */; };
		83ACCFE6287513A40015B8D9 /* TitleLabel.swift in Sources */ = {isa = PBXBuildFile; fileRef = 83ACCFE5287513A40015B8D9 /* TitleLabel.swift */; };
		83ACCFE9287518260015B8D9 /* CountryListCell.swift in Sources */ = {isa = PBXBuildFile; fileRef = 83ACCFE8287518260015B8D9 /* CountryListCell.swift */; };
		83ACCFEC287529E70015B8D9 /* UIHelper.swift in Sources */ = {isa = PBXBuildFile; fileRef = 83ACCFEB287529E70015B8D9 /* UIHelper.swift */; };
/* End PBXBuildFile section */

/* Begin PBXFileReference section */
		83ACCFB2286E6F130015B8D9 /* COVID-19 Statistics.app */ = {isa = PBXFileReference; explicitFileType = wrapper.application; includeInIndex = 0; path = "COVID-19 Statistics.app"; sourceTree = BUILT_PRODUCTS_DIR; };
		83ACCFB5286E6F130015B8D9 /* AppDelegate.swift */ = {isa = PBXFileReference; lastKnownFileType = sourcecode.swift; path = AppDelegate.swift; sourceTree = "<group>"; };
		83ACCFB7286E6F130015B8D9 /* SceneDelegate.swift */ = {isa = PBXFileReference; lastKnownFileType = sourcecode.swift; path = SceneDelegate.swift; sourceTree = "<group>"; };
		83ACCFBE286E6F150015B8D9 /* Assets.xcassets */ = {isa = PBXFileReference; lastKnownFileType = folder.assetcatalog; path = Assets.xcassets; sourceTree = "<group>"; };
		83ACCFC1286E6F150015B8D9 /* Base */ = {isa = PBXFileReference; lastKnownFileType = file.storyboard; name = Base; path = Base.lproj/LaunchScreen.storyboard; sourceTree = "<group>"; };
		83ACCFC3286E6F150015B8D9 /* Info.plist */ = {isa = PBXFileReference; lastKnownFileType = text.plist.xml; path = Info.plist; sourceTree = "<group>"; };
		83ACCFC9286E73F90015B8D9 /* CountryCovidData.swift */ = {isa = PBXFileReference; lastKnownFileType = sourcecode.swift; path = CountryCovidData.swift; sourceTree = "<group>"; };
		83ACCFCB286E9A780015B8D9 /* NetworkManager.swift */ = {isa = PBXFileReference; lastKnownFileType = sourcecode.swift; path = NetworkManager.swift; sourceTree = "<group>"; };
		83ACCFCF286E9BC80015B8D9 /* DashboardVC.swift */ = {isa = PBXFileReference; lastKnownFileType = sourcecode.swift; path = DashboardVC.swift; sourceTree = "<group>"; };
		83ACCFD1286E9BF30015B8D9 /* SettingsVC.swift */ = {isa = PBXFileReference; lastKnownFileType = sourcecode.swift; path = SettingsVC.swift; sourceTree = "<group>"; };
		83ACCFD3286FBA5F0015B8D9 /* SearchVC.swift */ = {isa = PBXFileReference; lastKnownFileType = sourcecode.swift; path = SearchVC.swift; sourceTree = "<group>"; };
		83ACCFD5286FBE7B0015B8D9 /* C19TextField.swift */ = {isa = PBXFileReference; lastKnownFileType = sourcecode.swift; path = C19TextField.swift; sourceTree = "<group>"; };
		83ACCFDB2873C9D50015B8D9 /* countriesData.json */ = {isa = PBXFileReference; fileEncoding = 4; lastKnownFileType = text.json; path = countriesData.json; sourceTree = "<group>"; };
		83ACCFDD2873CAFD0015B8D9 /* CountryManager.swift */ = {isa = PBXFileReference; lastKnownFileType = sourcecode.swift; path = CountryManager.swift; sourceTree = "<group>"; };
		83ACCFE12873D0750015B8D9 /* CountryIdentityData.swift */ = {isa = PBXFileReference; lastKnownFileType = sourcecode.swift; path = CountryIdentityData.swift; sourceTree = "<group>"; };
		83ACCFE3287511BC0015B8D9 /* FlagImageView.swift */ = {isa = PBXFileReference; lastKnownFileType = sourcecode.swift; path = FlagImageView.swift; sourceTree = "<group>"; };
		83ACCFE5287513A40015B8D9 /* TitleLabel.swift */ = {isa = PBXFileReference; lastKnownFileType = sourcecode.swift; path = TitleLabel.swift; sourceTree = "<group>"; };
		83ACCFE8287518260015B8D9 /* CountryListCell.swift */ = {isa = PBXFileReference; lastKnownFileType = sourcecode.swift; path = CountryListCell.swift; sourceTree = "<group>"; };
		83ACCFEB287529E70015B8D9 /* UIHelper.swift */ = {isa = PBXFileReference; lastKnownFileType = sourcecode.swift; path = UIHelper.swift; sourceTree = "<group>"; };
/* End PBXFileReference section */

/* Begin PBXFrameworksBuildPhase section */
		83ACCFAF286E6F130015B8D9 /* Frameworks */ = {
			isa = PBXFrameworksBuildPhase;
			buildActionMask = 2147483647;
			files = (
			);
			runOnlyForDeploymentPostprocessing = 0;
		};
/* End PBXFrameworksBuildPhase section */

/* Begin PBXGroup section */
		83ACCFA9286E6F130015B8D9 = {
			isa = PBXGroup;
			children = (
				83ACCFB4286E6F130015B8D9 /* COVID-19 Statistics */,
				83ACCFB3286E6F130015B8D9 /* Products */,
			);
			sourceTree = "<group>";
		};
		83ACCFB3286E6F130015B8D9 /* Products */ = {
			isa = PBXGroup;
			children = (
				83ACCFB2286E6F130015B8D9 /* COVID-19 Statistics.app */,
			);
			name = Products;
			sourceTree = "<group>";
		};
		83ACCFB4286E6F130015B8D9 /* COVID-19 Statistics */ = {
			isa = PBXGroup;
			children = (
				83ACCFE7287516280015B8D9 /* Custom Views */,
				83ACCFDB2873C9D50015B8D9 /* countriesData.json */,
				83ACCFB5286E6F130015B8D9 /* AppDelegate.swift */,
				83ACCFB7286E6F130015B8D9 /* SceneDelegate.swift */,
				83ACCFBE286E6F150015B8D9 /* Assets.xcassets */,
				83ACCFC0286E6F150015B8D9 /* LaunchScreen.storyboard */,
				83ACCFC3286E6F150015B8D9 /* Info.plist */,
				83ACCFC9286E73F90015B8D9 /* CountryCovidData.swift */,
				83ACCFCB286E9A780015B8D9 /* NetworkManager.swift */,
				83ACCFEA287525680015B8D9 /* Screens */,
				83ACCFD5286FBE7B0015B8D9 /* C19TextField.swift */,
				83ACCFDD2873CAFD0015B8D9 /* CountryManager.swift */,
				83ACCFE12873D0750015B8D9 /* CountryIdentityData.swift */,
				83ACCFEB287529E70015B8D9 /* UIHelper.swift */,
			);
			path = "COVID-19 Statistics";
			sourceTree = "<group>";
		};
		83ACCFE7287516280015B8D9 /* Custom Views */ = {
			isa = PBXGroup;
			children = (
				83ACCFE3287511BC0015B8D9 /* FlagImageView.swift */,
				83ACCFE5287513A40015B8D9 /* TitleLabel.swift */,
				83ACCFE8287518260015B8D9 /* CountryListCell.swift */,
			);
			path = "Custom Views";
			sourceTree = "<group>";
		};
		83ACCFEA287525680015B8D9 /* Screens */ = {
			isa = PBXGroup;
			children = (
				83ACCFCF286E9BC80015B8D9 /* DashboardVC.swift */,
				83ACCFD1286E9BF30015B8D9 /* SettingsVC.swift */,
				83ACCFD3286FBA5F0015B8D9 /* SearchVC.swift */,
			);
			path = Screens;
			sourceTree = "<group>";
		};
/* End PBXGroup section */

/* Begin PBXNativeTarget section */
		83ACCFB1286E6F130015B8D9 /* COVID-19 Statistics */ = {
			isa = PBXNativeTarget;
			buildConfigurationList = 83ACCFC6286E6F150015B8D9 /* Build configuration list for PBXNativeTarget "COVID-19 Statistics" */;
			buildPhases = (
				83ACCFAE286E6F130015B8D9 /* Sources */,
				83ACCFAF286E6F130015B8D9 /* Frameworks */,
				83ACCFB0286E6F130015B8D9 /* Resources */,
			);
			buildRules = (
			);
			dependencies = (
			);
			name = "COVID-19 Statistics";
			productName = "COVID-19 Statistics";
			productReference = 83ACCFB2286E6F130015B8D9 /* COVID-19 Statistics.app */;
			productType = "com.apple.product-type.application";
		};
/* End PBXNativeTarget section */

/* Begin PBXProject section */
		83ACCFAA286E6F130015B8D9 /* Project object */ = {
			isa = PBXProject;
			attributes = {
				BuildIndependentTargetsInParallel = 1;
				LastSwiftUpdateCheck = 1340;
				LastUpgradeCheck = 1340;
				TargetAttributes = {
					83ACCFB1286E6F130015B8D9 = {
						CreatedOnToolsVersion = 13.4.1;
					};
				};
			};
			buildConfigurationList = 83ACCFAD286E6F130015B8D9 /* Build configuration list for PBXProject "COVID-19 Statistics" */;
			compatibilityVersion = "Xcode 13.0";
			developmentRegion = en;
			hasScannedForEncodings = 0;
			knownRegions = (
				en,
				Base,
			);
			mainGroup = 83ACCFA9286E6F130015B8D9;
			productRefGroup = 83ACCFB3286E6F130015B8D9 /* Products */;
			projectDirPath = "";
			projectRoot = "";
			targets = (
				83ACCFB1286E6F130015B8D9 /* COVID-19 Statistics */,
			);
		};
/* End PBXProject section */

/* Begin PBXResourcesBuildPhase section */
		83ACCFB0286E6F130015B8D9 /* Resources */ = {
			isa = PBXResourcesBuildPhase;
			buildActionMask = 2147483647;
			files = (
				83ACCFC2286E6F150015B8D9 /* LaunchScreen.storyboard in Resources */,
				83ACCFBF286E6F150015B8D9 /* Assets.xcassets in Resources */,
				83ACCFDC2873C9D50015B8D9 /* countriesData.json in Resources */,
			);
			runOnlyForDeploymentPostprocessing = 0;
		};
/* End PBXResourcesBuildPhase section */

/* Begin PBXSourcesBuildPhase section */
		83ACCFAE286E6F130015B8D9 /* Sources */ = {
			isa = PBXSourcesBuildPhase;
			buildActionMask = 2147483647;
			files = (
				83ACCFCA286E73F90015B8D9 /* CountryCovidData.swift in Sources */,
				83ACCFD0286E9BC80015B8D9 /* DashboardVC.swift in Sources */,
				83ACCFCC286E9A780015B8D9 /* NetworkManager.swift in Sources */,
				83ACCFD6286FBE7B0015B8D9 /* C19TextField.swift in Sources */,
				83ACCFE22873D0750015B8D9 /* CountryIdentityData.swift in Sources */,
				83ACCFB6286E6F130015B8D9 /* AppDelegate.swift in Sources */,
				83ACCFE9287518260015B8D9 /* CountryListCell.swift in Sources */,
				83ACCFDE2873CAFD0015B8D9 /* CountryManager.swift in Sources */,
				83ACCFB8286E6F130015B8D9 /* SceneDelegate.swift in Sources */,
				83ACCFD2286E9BF30015B8D9 /* SettingsVC.swift in Sources */,
				83ACCFE6287513A40015B8D9 /* TitleLabel.swift in Sources */,
				83ACCFD4286FBA5F0015B8D9 /* SearchVC.swift in Sources */,
				83ACCFE4287511BC0015B8D9 /* FlagImageView.swift in Sources */,
				83ACCFEC287529E70015B8D9 /* UIHelper.swift in Sources */,
			);
			runOnlyForDeploymentPostprocessing = 0;
		};
/* End PBXSourcesBuildPhase section */

/* Begin PBXVariantGroup section */
		83ACCFC0286E6F150015B8D9 /* LaunchScreen.storyboard */ = {
			isa = PBXVariantGroup;
			children = (
				83ACCFC1286E6F150015B8D9 /* Base */,
			);
			name = LaunchScreen.storyboard;
			sourceTree = "<group>";
		};
/* End PBXVariantGroup section */

/* Begin XCBuildConfiguration section */
		83ACCFC4286E6F150015B8D9 /* Debug */ = {
			isa = XCBuildConfiguration;
			buildSettings = {
				ALWAYS_SEARCH_USER_PATHS = NO;
				CLANG_ANALYZER_NONNULL = YES;
				CLANG_ANALYZER_NUMBER_OBJECT_CONVERSION = YES_AGGRESSIVE;
				CLANG_CXX_LANGUAGE_STANDARD = "gnu++17";
				CLANG_ENABLE_MODULES = YES;
				CLANG_ENABLE_OBJC_ARC = YES;
				CLANG_ENABLE_OBJC_WEAK = YES;
				CLANG_WARN_BLOCK_CAPTURE_AUTORELEASING = YES;
				CLANG_WARN_BOOL_CONVERSION = YES;
				CLANG_WARN_COMMA = YES;
				CLANG_WARN_CONSTANT_CONVERSION = YES;
				CLANG_WARN_DEPRECATED_OBJC_IMPLEMENTATIONS = YES;
				CLANG_WARN_DIRECT_OBJC_ISA_USAGE = YES_ERROR;
				CLANG_WARN_DOCUMENTATION_COMMENTS = YES;
				CLANG_WARN_EMPTY_BODY = YES;
				CLANG_WARN_ENUM_CONVERSION = YES;
				CLANG_WARN_INFINITE_RECURSION = YES;
				CLANG_WARN_INT_CONVERSION = YES;
				CLANG_WARN_NON_LITERAL_NULL_CONVERSION = YES;
				CLANG_WARN_OBJC_IMPLICIT_RETAIN_SELF = YES;
				CLANG_WARN_OBJC_LITERAL_CONVERSION = YES;
				CLANG_WARN_OBJC_ROOT_CLASS = YES_ERROR;
				CLANG_WARN_QUOTED_INCLUDE_IN_FRAMEWORK_HEADER = YES;
				CLANG_WARN_RANGE_LOOP_ANALYSIS = YES;
				CLANG_WARN_STRICT_PROTOTYPES = YES;
				CLANG_WARN_SUSPICIOUS_MOVE = YES;
				CLANG_WARN_UNGUARDED_AVAILABILITY = YES_AGGRESSIVE;
				CLANG_WARN_UNREACHABLE_CODE = YES;
				CLANG_WARN__DUPLICATE_METHOD_MATCH = YES;
				COPY_PHASE_STRIP = NO;
				DEBUG_INFORMATION_FORMAT = dwarf;
				ENABLE_STRICT_OBJC_MSGSEND = YES;
				ENABLE_TESTABILITY = YES;
				GCC_C_LANGUAGE_STANDARD = gnu11;
				GCC_DYNAMIC_NO_PIC = NO;
				GCC_NO_COMMON_BLOCKS = YES;
				GCC_OPTIMIZATION_LEVEL = 0;
				GCC_PREPROCESSOR_DEFINITIONS = (
					"DEBUG=1",
					"$(inherited)",
				);
				GCC_WARN_64_TO_32_BIT_CONVERSION = YES;
				GCC_WARN_ABOUT_RETURN_TYPE = YES_ERROR;
				GCC_WARN_UNDECLARED_SELECTOR = YES;
				GCC_WARN_UNINITIALIZED_AUTOS = YES_AGGRESSIVE;
				GCC_WARN_UNUSED_FUNCTION = YES;
				GCC_WARN_UNUSED_VARIABLE = YES;
				IPHONEOS_DEPLOYMENT_TARGET = 15.5;
				MTL_ENABLE_DEBUG_INFO = INCLUDE_SOURCE;
				MTL_FAST_MATH = YES;
				ONLY_ACTIVE_ARCH = YES;
				SDKROOT = iphoneos;
				SWIFT_ACTIVE_COMPILATION_CONDITIONS = DEBUG;
				SWIFT_OPTIMIZATION_LEVEL = "-Onone";
			};
			name = Debug;
		};
		83ACCFC5286E6F150015B8D9 /* Release */ = {
			isa = XCBuildConfiguration;
			buildSettings = {
				ALWAYS_SEARCH_USER_PATHS = NO;
				CLANG_ANALYZER_NONNULL = YES;
				CLANG_ANALYZER_NUMBER_OBJECT_CONVERSION = YES_AGGRESSIVE;
				CLANG_CXX_LANGUAGE_STANDARD = "gnu++17";
				CLANG_ENABLE_MODULES = YES;
				CLANG_ENABLE_OBJC_ARC = YES;
				CLANG_ENABLE_OBJC_WEAK = YES;
				CLANG_WARN_BLOCK_CAPTURE_AUTORELEASING = YES;
				CLANG_WARN_BOOL_CONVERSION = YES;
				CLANG_WARN_COMMA = YES;
				CLANG_WARN_CONSTANT_CONVERSION = YES;
				CLANG_WARN_DEPRECATED_OBJC_IMPLEMENTATIONS = YES;
				CLANG_WARN_DIRECT_OBJC_ISA_USAGE = YES_ERROR;
				CLANG_WARN_DOCUMENTATION_COMMENTS = YES;
				CLANG_WARN_EMPTY_BODY = YES;
				CLANG_WARN_ENUM_CONVERSION = YES;
				CLANG_WARN_INFINITE_RECURSION = YES;
				CLANG_WARN_INT_CONVERSION = YES;
				CLANG_WARN_NON_LITERAL_NULL_CONVERSION = YES;
				CLANG_WARN_OBJC_IMPLICIT_RETAIN_SELF = YES;
				CLANG_WARN_OBJC_LITERAL_CONVERSION = YES;
				CLANG_WARN_OBJC_ROOT_CLASS = YES_ERROR;
				CLANG_WARN_QUOTED_INCLUDE_IN_FRAMEWORK_HEADER = YES;
				CLANG_WARN_RANGE_LOOP_ANALYSIS = YES;
				CLANG_WARN_STRICT_PROTOTYPES = YES;
				CLANG_WARN_SUSPICIOUS_MOVE = YES;
				CLANG_WARN_UNGUARDED_AVAILABILITY = YES_AGGRESSIVE;
				CLANG_WARN_UNREACHABLE_CODE = YES;
				CLANG_WARN__DUPLICATE_METHOD_MATCH = YES;
				COPY_PHASE_STRIP = NO;
				DEBUG_INFORMATION_FORMAT = "dwarf-with-dsym";
				ENABLE_NS_ASSERTIONS = NO;
				ENABLE_STRICT_OBJC_MSGSEND = YES;
				GCC_C_LANGUAGE_STANDARD = gnu11;
				GCC_NO_COMMON_BLOCKS = YES;
				GCC_WARN_64_TO_32_BIT_CONVERSION = YES;
				GCC_WARN_ABOUT_RETURN_TYPE = YES_ERROR;
				GCC_WARN_UNDECLARED_SELECTOR = YES;
				GCC_WARN_UNINITIALIZED_AUTOS = YES_AGGRESSIVE;
				GCC_WARN_UNUSED_FUNCTION = YES;
				GCC_WARN_UNUSED_VARIABLE = YES;
				IPHONEOS_DEPLOYMENT_TARGET = 15.5;
				MTL_ENABLE_DEBUG_INFO = NO;
				MTL_FAST_MATH = YES;
				SDKROOT = iphoneos;
				SWIFT_COMPILATION_MODE = wholemodule;
				SWIFT_OPTIMIZATION_LEVEL = "-O";
				VALIDATE_PRODUCT = YES;
			};
			name = Release;
		};
		83ACCFC7286E6F150015B8D9 /* Debug */ = {
			isa = XCBuildConfiguration;
			buildSettings = {
				ASSETCATALOG_COMPILER_APPICON_NAME = AppIcon;
				ASSETCATALOG_COMPILER_GLOBAL_ACCENT_COLOR_NAME = AccentColor;
				CODE_SIGN_STYLE = Automatic;
				CURRENT_PROJECT_VERSION = 1;
				DEVELOPMENT_TEAM = 95TR32UGAS;
				GENERATE_INFOPLIST_FILE = YES;
				INFOPLIST_FILE = "COVID-19 Statistics/Info.plist";
				INFOPLIST_KEY_UIApplicationSupportsIndirectInputEvents = YES;
				INFOPLIST_KEY_UILaunchStoryboardName = LaunchScreen;
				INFOPLIST_KEY_UISupportedInterfaceOrientations = UIInterfaceOrientationPortrait;
				INFOPLIST_KEY_UISupportedInterfaceOrientations_iPad = "UIInterfaceOrientationPortrait UIInterfaceOrientationPortraitUpsideDown UIInterfaceOrientationLandscapeLeft UIInterfaceOrientationLandscapeRight";
				INFOPLIST_KEY_UISupportedInterfaceOrientations_iPhone = "UIInterfaceOrientationPortrait UIInterfaceOrientationLandscapeLeft UIInterfaceOrientationLandscapeRight";
				LD_RUNPATH_SEARCH_PATHS = (
					"$(inherited)",
					"@executable_path/Frameworks",
				);
				MARKETING_VERSION = 1.0;
				PRODUCT_BUNDLE_IDENTIFIER = "com.chrisloreta.COVID-19-Statistics";
				PRODUCT_NAME = "$(TARGET_NAME)";
				SWIFT_EMIT_LOC_STRINGS = YES;
				SWIFT_VERSION = 5.0;
				TARGETED_DEVICE_FAMILY = 1;
			};
			name = Debug;
		};
		83ACCFC8286E6F150015B8D9 /* Release */ = {
			isa = XCBuildConfiguration;
			buildSettings = {
				ASSETCATALOG_COMPILER_APPICON_NAME = AppIcon;
				ASSETCATALOG_COMPILER_GLOBAL_ACCENT_COLOR_NAME = AccentColor;
				CODE_SIGN_STYLE = Automatic;
				CURRENT_PROJECT_VERSION = 1;
				DEVELOPMENT_TEAM = 95TR32UGAS;
				GENERATE_INFOPLIST_FILE = YES;
				INFOPLIST_FILE = "COVID-19 Statistics/Info.plist";
				INFOPLIST_KEY_UIApplicationSupportsIndirectInputEvents = YES;
				INFOPLIST_KEY_UILaunchStoryboardName = LaunchScreen;
				INFOPLIST_KEY_UISupportedInterfaceOrientations = UIInterfaceOrientationPortrait;
				INFOPLIST_KEY_UISupportedInterfaceOrientations_iPad = "UIInterfaceOrientationPortrait UIInterfaceOrientationPortraitUpsideDown UIInterfaceOrientationLandscapeLeft UIInterfaceOrientationLandscapeRight";
				INFOPLIST_KEY_UISupportedInterfaceOrientations_iPhone = "UIInterfaceOrientationPortrait UIInterfaceOrientationLandscapeLeft UIInterfaceOrientationLandscapeRight";
				LD_RUNPATH_SEARCH_PATHS = (
					"$(inherited)",
					"@executable_path/Frameworks",
				);
				MARKETING_VERSION = 1.0;
				PRODUCT_BUNDLE_IDENTIFIER = "com.chrisloreta.COVID-19-Statistics";
				PRODUCT_NAME = "$(TARGET_NAME)";
				SWIFT_EMIT_LOC_STRINGS = YES;
				SWIFT_VERSION = 5.0;
				TARGETED_DEVICE_FAMILY = 1;
			};
			name = Release;
		};
/* End XCBuildConfiguration section */

/* Begin XCConfigurationList section */
		83ACCFAD286E6F130015B8D9 /* Build configuration list for PBXProject "COVID-19 Statistics" */ = {
			isa = XCConfigurationList;
			buildConfigurations = (
				83ACCFC4286E6F150015B8D9 /* Debug */,
				83ACCFC5286E6F150015B8D9 /* Release */,
			);
			defaultConfigurationIsVisible = 0;
			defaultConfigurationName = Release;
		};
		83ACCFC6286E6F150015B8D9 /* Build configuration list for PBXNativeTarget "COVID-19 Statistics" */ = {
			isa = XCConfigurationList;
			buildConfigurations = (
				83ACCFC7286E6F150015B8D9 /* Debug */,
				83ACCFC8286E6F150015B8D9 /* Release */,
			);
			defaultConfigurationIsVisible = 0;
			defaultConfigurationName = Release;
		};
/* End XCConfigurationList section */
	};
	rootObject = 83ACCFAA286E6F130015B8D9 /* Project object */;
}
