// !$*UTF8*$!
{
	archiveVersion = 1;
	classes = {
	};
	objectVersion = 55;
	objects = {

/* Begin PBXBuildFile section */
		831EFBFA2884FDEA0046809A /* C19ItemInfoView.swift in Sources */ = {isa = PBXBuildFile; fileRef = 831EFBF92884FDEA0046809A /* C19ItemInfoView.swift */; };
		831EFC032888D81D0046809A /* C19BodyLabel.swift in Sources */ = {isa = PBXBuildFile; fileRef = 831EFC022888D81D0046809A /* C19BodyLabel.swift */; };
		831EFD6E288E576B0046809A /* WidgetKit.framework in Frameworks */ = {isa = PBXBuildFile; fileRef = 831EFD6D288E576B0046809A /* WidgetKit.framework */; };
		831EFD70288E576B0046809A /* SwiftUI.framework in Frameworks */ = {isa = PBXBuildFile; fileRef = 831EFD6F288E576B0046809A /* SwiftUI.framework */; };
		831EFD73288E576B0046809A /* HelloWidget.swift in Sources */ = {isa = PBXBuildFile; fileRef = 831EFD72288E576B0046809A /* HelloWidget.swift */; };
		831EFD75288E576D0046809A /* Assets.xcassets in Resources */ = {isa = PBXBuildFile; fileRef = 831EFD74288E576D0046809A /* Assets.xcassets */; };
		831EFD79288E576D0046809A /* HelloWidgetExtension.appex in Embed App Extensions */ = {isa = PBXBuildFile; fileRef = 831EFD6B288E576B0046809A /* HelloWidgetExtension.appex */; settings = {ATTRIBUTES = (RemoveHeadersOnCopy, ); }; };
		831EFD81288E57970046809A /* HelloWidgetEntry.swift in Sources */ = {isa = PBXBuildFile; fileRef = 831EFD7E288E57970046809A /* HelloWidgetEntry.swift */; };
		831EFD82288E57970046809A /* HelloWidgetTimelineProvider.swift in Sources */ = {isa = PBXBuildFile; fileRef = 831EFD7F288E57970046809A /* HelloWidgetTimelineProvider.swift */; };
		831EFD83288E57970046809A /* HelloWidgetView.swift in Sources */ = {isa = PBXBuildFile; fileRef = 831EFD80288E57970046809A /* HelloWidgetView.swift */; };
		831EFD88288E594D0046809A /* DateTimeEntry.swift in Sources */ = {isa = PBXBuildFile; fileRef = 831EFD87288E594D0046809A /* DateTimeEntry.swift */; };
		831EFD8A288E599F0046809A /* DateTimeTimelineProvider.swift in Sources */ = {isa = PBXBuildFile; fileRef = 831EFD89288E599F0046809A /* DateTimeTimelineProvider.swift */; };
		831EFD8C288E59B90046809A /* DateTimeEntryView.swift in Sources */ = {isa = PBXBuildFile; fileRef = 831EFD8B288E59B90046809A /* DateTimeEntryView.swift */; };
		831EFD8E288E59C90046809A /* DateTimeWidget.swift in Sources */ = {isa = PBXBuildFile; fileRef = 831EFD8D288E59C90046809A /* DateTimeWidget.swift */; };
		831EFD91288E5A9E0046809A /* MyWidgetBundle.swift in Sources */ = {isa = PBXBuildFile; fileRef = 831EFD90288E5A9E0046809A /* MyWidgetBundle.swift */; };
		831EFD9D288E5C7C0046809A /* Quote.swift in Sources */ = {isa = PBXBuildFile; fileRef = 831EFD9C288E5C7C0046809A /* Quote.swift */; };
		831EFD9F288E5C8A0046809A /* QuoteService.swift in Sources */ = {isa = PBXBuildFile; fileRef = 831EFD9E288E5C8A0046809A /* QuoteService.swift */; };
		831EFDA1288E5CA80046809A /* QuoteWidgetEntry.swift in Sources */ = {isa = PBXBuildFile; fileRef = 831EFDA0288E5CA80046809A /* QuoteWidgetEntry.swift */; };
		831EFDA3288E5CC70046809A /* QuoteWidgetTimelineProvider.swift in Sources */ = {isa = PBXBuildFile; fileRef = 831EFDA2288E5CC70046809A /* QuoteWidgetTimelineProvider.swift */; };
		831EFDA5288E5CD80046809A /* QuoteWidgetView.swift in Sources */ = {isa = PBXBuildFile; fileRef = 831EFDA4288E5CD80046809A /* QuoteWidgetView.swift */; };
		831EFDA7288E5CE50046809A /* QuoteWidget.swift in Sources */ = {isa = PBXBuildFile; fileRef = 831EFDA6288E5CE50046809A /* QuoteWidget.swift */; };
		831EFDAE288E5F6C0046809A /* WeatherUtils.swift in Sources */ = {isa = PBXBuildFile; fileRef = 831EFDAD288E5F6C0046809A /* WeatherUtils.swift */; };
		831EFDB0288E5F840046809A /* Date+Extensions.swift in Sources */ = {isa = PBXBuildFile; fileRef = 831EFDAF288E5F840046809A /* Date+Extensions.swift */; };
		831EFDB2288E5F9D0046809A /* Weather.swift in Sources */ = {isa = PBXBuildFile; fileRef = 831EFDB1288E5F9D0046809A /* Weather.swift */; };
		831EFDB4288E5FB80046809A /* WeatherService.swift in Sources */ = {isa = PBXBuildFile; fileRef = 831EFDB3288E5FB80046809A /* WeatherService.swift */; };
		831EFDB6288E5FFB0046809A /* WeatherEntry.swift in Sources */ = {isa = PBXBuildFile; fileRef = 831EFDB5288E5FFB0046809A /* WeatherEntry.swift */; };
		831EFDB8288E60050046809A /* WeatherTimelineProvider.swift in Sources */ = {isa = PBXBuildFile; fileRef = 831EFDB7288E60050046809A /* WeatherTimelineProvider.swift */; };
		831EFDBA288E600C0046809A /* WeatherWidgetView.swift in Sources */ = {isa = PBXBuildFile; fileRef = 831EFDB9288E600C0046809A /* WeatherWidgetView.swift */; };
		831EFDBC288E60120046809A /* WeatherWidget.swift in Sources */ = {isa = PBXBuildFile; fileRef = 831EFDBB288E60120046809A /* WeatherWidget.swift */; };
		831EFDBF288F666D0046809A /* CovidWidget.swift in Sources */ = {isa = PBXBuildFile; fileRef = 831EFDBE288F666D0046809A /* CovidWidget.swift */; };
		831EFDC1288F669C0046809A /* CovidEntry.swift in Sources */ = {isa = PBXBuildFile; fileRef = 831EFDC0288F669C0046809A /* CovidEntry.swift */; };
		831EFDC7288F676E0046809A /* Covid.swift in Sources */ = {isa = PBXBuildFile; fileRef = 831EFDC6288F676E0046809A /* Covid.swift */; };
		831EFDC9288F69DB0046809A /* CovidService.swift in Sources */ = {isa = PBXBuildFile; fileRef = 831EFDC8288F69DB0046809A /* CovidService.swift */; };
		831EFDCB288F6A9C0046809A /* CovidTimelineProvider.swift in Sources */ = {isa = PBXBuildFile; fileRef = 831EFDCA288F6A9C0046809A /* CovidTimelineProvider.swift */; };
		831EFDCD288F761A0046809A /* CovidEntryView.swift in Sources */ = {isa = PBXBuildFile; fileRef = 831EFDCC288F761A0046809A /* CovidEntryView.swift */; };
		834225CE28847C2E00F62E58 /* C19CountryInfoHeaderVC.swift in Sources */ = {isa = PBXBuildFile; fileRef = 834225CD28847C2E00F62E58 /* C19CountryInfoHeaderVC.swift */; };
		834225D128847CA600F62E58 /* C19SecondaryTitleLabel.swift in Sources */ = {isa = PBXBuildFile; fileRef = 834225D028847CA600F62E58 /* C19SecondaryTitleLabel.swift */; };
		83ACCFB6286E6F130015B8D9 /* AppDelegate.swift in Sources */ = {isa = PBXBuildFile; fileRef = 83ACCFB5286E6F130015B8D9 /* AppDelegate.swift */; };
		83ACCFB8286E6F130015B8D9 /* SceneDelegate.swift in Sources */ = {isa = PBXBuildFile; fileRef = 83ACCFB7286E6F130015B8D9 /* SceneDelegate.swift */; };
		83ACCFBF286E6F150015B8D9 /* Assets.xcassets in Resources */ = {isa = PBXBuildFile; fileRef = 83ACCFBE286E6F150015B8D9 /* Assets.xcassets */; };
		83ACCFC2286E6F150015B8D9 /* LaunchScreen.storyboard in Resources */ = {isa = PBXBuildFile; fileRef = 83ACCFC0286E6F150015B8D9 /* LaunchScreen.storyboard */; };
		83ACCFCA286E73F90015B8D9 /* CountryCovidData.swift in Sources */ = {isa = PBXBuildFile; fileRef = 83ACCFC9286E73F90015B8D9 /* CountryCovidData.swift */; };
		83ACCFCC286E9A780015B8D9 /* NetworkManager.swift in Sources */ = {isa = PBXBuildFile; fileRef = 83ACCFCB286E9A780015B8D9 /* NetworkManager.swift */; };
		83ACCFD0286E9BC80015B8D9 /* DashboardVC.swift in Sources */ = {isa = PBXBuildFile; fileRef = 83ACCFCF286E9BC80015B8D9 /* DashboardVC.swift */; };
		83ACCFD2286E9BF30015B8D9 /* SettingsVC.swift in Sources */ = {isa = PBXBuildFile; fileRef = 83ACCFD1286E9BF30015B8D9 /* SettingsVC.swift */; };
		83ACCFD4286FBA5F0015B8D9 /* SearchVC.swift in Sources */ = {isa = PBXBuildFile; fileRef = 83ACCFD3286FBA5F0015B8D9 /* SearchVC.swift */; };
		83ACCFD6286FBE7B0015B8D9 /* C19TextField.swift in Sources */ = {isa = PBXBuildFile; fileRef = 83ACCFD5286FBE7B0015B8D9 /* C19TextField.swift */; };
		83ACCFDC2873C9D50015B8D9 /* countriesData.json in Resources */ = {isa = PBXBuildFile; fileRef = 83ACCFDB2873C9D50015B8D9 /* countriesData.json */; };
		83ACCFDE2873CAFD0015B8D9 /* CountryManager.swift in Sources */ = {isa = PBXBuildFile; fileRef = 83ACCFDD2873CAFD0015B8D9 /* CountryManager.swift */; };
		83ACCFE22873D0750015B8D9 /* CountryIdentityData.swift in Sources */ = {isa = PBXBuildFile; fileRef = 83ACCFE12873D0750015B8D9 /* CountryIdentityData.swift */; };
		83ACCFE4287511BC0015B8D9 /* FlagImageView.swift in Sources */ = {isa = PBXBuildFile; fileRef = 83ACCFE3287511BC0015B8D9 /* FlagImageView.swift */; };
		83ACCFE6287513A40015B8D9 /* C19TitleLabel.swift in Sources */ = {isa = PBXBuildFile; fileRef = 83ACCFE5287513A40015B8D9 /* C19TitleLabel.swift */; };
		83ACCFE9287518260015B8D9 /* CountryListCell.swift in Sources */ = {isa = PBXBuildFile; fileRef = 83ACCFE8287518260015B8D9 /* CountryListCell.swift */; };
		83ACCFEC287529E70015B8D9 /* UIHelper.swift in Sources */ = {isa = PBXBuildFile; fileRef = 83ACCFEB287529E70015B8D9 /* UIHelper.swift */; };
/* End PBXBuildFile section */

/* Begin PBXContainerItemProxy section */
		831EFD77288E576D0046809A /* PBXContainerItemProxy */ = {
			isa = PBXContainerItemProxy;
			containerPortal = 83ACCFAA286E6F130015B8D9 /* Project object */;
			proxyType = 1;
			remoteGlobalIDString = 831EFD6A288E576B0046809A;
			remoteInfo = HelloWidgetExtension;
		};
/* End PBXContainerItemProxy section */

/* Begin PBXCopyFilesBuildPhase section */
		831EFD7A288E576D0046809A /* Embed App Extensions */ = {
			isa = PBXCopyFilesBuildPhase;
			buildActionMask = 2147483647;
			dstPath = "";
			dstSubfolderSpec = 13;
			files = (
				831EFD79288E576D0046809A /* HelloWidgetExtension.appex in Embed App Extensions */,
			);
			name = "Embed App Extensions";
			runOnlyForDeploymentPostprocessing = 0;
		};
/* End PBXCopyFilesBuildPhase section */

/* Begin PBXFileReference section */
		831EFBF92884FDEA0046809A /* C19ItemInfoView.swift */ = {isa = PBXFileReference; lastKnownFileType = sourcecode.swift; path = C19ItemInfoView.swift; sourceTree = "<group>"; };
		831EFC022888D81D0046809A /* C19BodyLabel.swift */ = {isa = PBXFileReference; lastKnownFileType = sourcecode.swift; path = C19BodyLabel.swift; sourceTree = "<group>"; };
		831EFD6B288E576B0046809A /* HelloWidgetExtension.appex */ = {isa = PBXFileReference; explicitFileType = "wrapper.app-extension"; includeInIndex = 0; path = HelloWidgetExtension.appex; sourceTree = BUILT_PRODUCTS_DIR; };
		831EFD6D288E576B0046809A /* WidgetKit.framework */ = {isa = PBXFileReference; lastKnownFileType = wrapper.framework; name = WidgetKit.framework; path = System/Library/Frameworks/WidgetKit.framework; sourceTree = SDKROOT; };
		831EFD6F288E576B0046809A /* SwiftUI.framework */ = {isa = PBXFileReference; lastKnownFileType = wrapper.framework; name = SwiftUI.framework; path = System/Library/Frameworks/SwiftUI.framework; sourceTree = SDKROOT; };
		831EFD72288E576B0046809A /* HelloWidget.swift */ = {isa = PBXFileReference; lastKnownFileType = sourcecode.swift; path = HelloWidget.swift; sourceTree = "<group>"; };
		831EFD74288E576D0046809A /* Assets.xcassets */ = {isa = PBXFileReference; lastKnownFileType = folder.assetcatalog; path = Assets.xcassets; sourceTree = "<group>"; };
		831EFD76288E576D0046809A /* Info.plist */ = {isa = PBXFileReference; lastKnownFileType = text.plist.xml; path = Info.plist; sourceTree = "<group>"; };
		831EFD7E288E57970046809A /* HelloWidgetEntry.swift */ = {isa = PBXFileReference; fileEncoding = 4; lastKnownFileType = sourcecode.swift; path = HelloWidgetEntry.swift; sourceTree = "<group>"; };
		831EFD7F288E57970046809A /* HelloWidgetTimelineProvider.swift */ = {isa = PBXFileReference; fileEncoding = 4; lastKnownFileType = sourcecode.swift; path = HelloWidgetTimelineProvider.swift; sourceTree = "<group>"; };
		831EFD80288E57970046809A /* HelloWidgetView.swift */ = {isa = PBXFileReference; fileEncoding = 4; lastKnownFileType = sourcecode.swift; path = HelloWidgetView.swift; sourceTree = "<group>"; };
		831EFD87288E594D0046809A /* DateTimeEntry.swift */ = {isa = PBXFileReference; lastKnownFileType = sourcecode.swift; path = DateTimeEntry.swift; sourceTree = "<group>"; };
		831EFD89288E599F0046809A /* DateTimeTimelineProvider.swift */ = {isa = PBXFileReference; lastKnownFileType = sourcecode.swift; path = DateTimeTimelineProvider.swift; sourceTree = "<group>"; };
		831EFD8B288E59B90046809A /* DateTimeEntryView.swift */ = {isa = PBXFileReference; lastKnownFileType = sourcecode.swift; path = DateTimeEntryView.swift; sourceTree = "<group>"; };
		831EFD8D288E59C90046809A /* DateTimeWidget.swift */ = {isa = PBXFileReference; lastKnownFileType = sourcecode.swift; path = DateTimeWidget.swift; sourceTree = "<group>"; };
		831EFD90288E5A9E0046809A /* MyWidgetBundle.swift */ = {isa = PBXFileReference; lastKnownFileType = sourcecode.swift; path = MyWidgetBundle.swift; sourceTree = "<group>"; };
		831EFD9C288E5C7C0046809A /* Quote.swift */ = {isa = PBXFileReference; lastKnownFileType = sourcecode.swift; path = Quote.swift; sourceTree = "<group>"; };
		831EFD9E288E5C8A0046809A /* QuoteService.swift */ = {isa = PBXFileReference; lastKnownFileType = sourcecode.swift; path = QuoteService.swift; sourceTree = "<group>"; };
		831EFDA0288E5CA80046809A /* QuoteWidgetEntry.swift */ = {isa = PBXFileReference; lastKnownFileType = sourcecode.swift; path = QuoteWidgetEntry.swift; sourceTree = "<group>"; };
		831EFDA2288E5CC70046809A /* QuoteWidgetTimelineProvider.swift */ = {isa = PBXFileReference; lastKnownFileType = sourcecode.swift; path = QuoteWidgetTimelineProvider.swift; sourceTree = "<group>"; };
		831EFDA4288E5CD80046809A /* QuoteWidgetView.swift */ = {isa = PBXFileReference; lastKnownFileType = sourcecode.swift; path = QuoteWidgetView.swift; sourceTree = "<group>"; };
		831EFDA6288E5CE50046809A /* QuoteWidget.swift */ = {isa = PBXFileReference; lastKnownFileType = sourcecode.swift; path = QuoteWidget.swift; sourceTree = "<group>"; };
		831EFDAD288E5F6C0046809A /* WeatherUtils.swift */ = {isa = PBXFileReference; lastKnownFileType = sourcecode.swift; path = WeatherUtils.swift; sourceTree = "<group>"; };
		831EFDAF288E5F840046809A /* Date+Extensions.swift */ = {isa = PBXFileReference; lastKnownFileType = sourcecode.swift; path = "Date+Extensions.swift"; sourceTree = "<group>"; };
		831EFDB1288E5F9D0046809A /* Weather.swift */ = {isa = PBXFileReference; lastKnownFileType = sourcecode.swift; path = Weather.swift; sourceTree = "<group>"; };
		831EFDB3288E5FB80046809A /* WeatherService.swift */ = {isa = PBXFileReference; lastKnownFileType = sourcecode.swift; path = WeatherService.swift; sourceTree = "<group>"; };
		831EFDB5288E5FFB0046809A /* WeatherEntry.swift */ = {isa = PBXFileReference; lastKnownFileType = sourcecode.swift; path = WeatherEntry.swift; sourceTree = "<group>"; };
		831EFDB7288E60050046809A /* WeatherTimelineProvider.swift */ = {isa = PBXFileReference; lastKnownFileType = sourcecode.swift; path = WeatherTimelineProvider.swift; sourceTree = "<group>"; };
		831EFDB9288E600C0046809A /* WeatherWidgetView.swift */ = {isa = PBXFileReference; lastKnownFileType = sourcecode.swift; path = WeatherWidgetView.swift; sourceTree = "<group>"; };
		831EFDBB288E60120046809A /* WeatherWidget.swift */ = {isa = PBXFileReference; lastKnownFileType = sourcecode.swift; path = WeatherWidget.swift; sourceTree = "<group>"; };
		831EFDBE288F666D0046809A /* CovidWidget.swift */ = {isa = PBXFileReference; lastKnownFileType = sourcecode.swift; path = CovidWidget.swift; sourceTree = "<group>"; };
		831EFDC0288F669C0046809A /* CovidEntry.swift */ = {isa = PBXFileReference; lastKnownFileType = sourcecode.swift; path = CovidEntry.swift; sourceTree = "<group>"; };
		831EFDC6288F676E0046809A /* Covid.swift */ = {isa = PBXFileReference; lastKnownFileType = sourcecode.swift; path = Covid.swift; sourceTree = "<group>"; };
		831EFDC8288F69DB0046809A /* CovidService.swift */ = {isa = PBXFileReference; lastKnownFileType = sourcecode.swift; path = CovidService.swift; sourceTree = "<group>"; };
		831EFDCA288F6A9C0046809A /* CovidTimelineProvider.swift */ = {isa = PBXFileReference; lastKnownFileType = sourcecode.swift; path = CovidTimelineProvider.swift; sourceTree = "<group>"; };
		831EFDCC288F761A0046809A /* CovidEntryView.swift */ = {isa = PBXFileReference; lastKnownFileType = sourcecode.swift; path = CovidEntryView.swift; sourceTree = "<group>"; };
		834225CD28847C2E00F62E58 /* C19CountryInfoHeaderVC.swift */ = {isa = PBXFileReference; lastKnownFileType = sourcecode.swift; path = C19CountryInfoHeaderVC.swift; sourceTree = "<group>"; };
		834225D028847CA600F62E58 /* C19SecondaryTitleLabel.swift */ = {isa = PBXFileReference; lastKnownFileType = sourcecode.swift; path = C19SecondaryTitleLabel.swift; sourceTree = "<group>"; };
		83ACCFB2286E6F130015B8D9 /* COVID-19 Statistics.app */ = {isa = PBXFileReference; explicitFileType = wrapper.application; includeInIndex = 0; path = "COVID-19 Statistics.app"; sourceTree = BUILT_PRODUCTS_DIR; };
		83ACCFB5286E6F130015B8D9 /* AppDelegate.swift */ = {isa = PBXFileReference; lastKnownFileType = sourcecode.swift; path = AppDelegate.swift; sourceTree = "<group>"; };
		83ACCFB7286E6F130015B8D9 /* SceneDelegate.swift */ = {isa = PBXFileReference; lastKnownFileType = sourcecode.swift; path = SceneDelegate.swift; sourceTree = "<group>"; };
		83ACCFBE286E6F150015B8D9 /* Assets.xcassets */ = {isa = PBXFileReference; lastKnownFileType = folder.assetcatalog; path = Assets.xcassets; sourceTree = "<group>"; };
		83ACCFC1286E6F150015B8D9 /* Base */ = {isa = PBXFileReference; lastKnownFileType = file.storyboard; name = Base; path = Base.lproj/LaunchScreen.storyboard; sourceTree = "<group>"; };
		83ACCFC3286E6F150015B8D9 /* Info.plist */ = {isa = PBXFileReference; lastKnownFileType = text.plist.xml; path = Info.plist; sourceTree = "<group>"; };
		83ACCFC9286E73F90015B8D9 /* CountryCovidData.swift */ = {isa = PBXFileReference; lastKnownFileType = sourcecode.swift; path = CountryCovidData.swift; sourceTree = "<group>"; };
		83ACCFCB286E9A780015B8D9 /* NetworkManager.swift */ = {isa = PBXFileReference; lastKnownFileType = sourcecode.swift; path = NetworkManager.swift; sourceTree = "<group>"; };
		83ACCFCF286E9BC80015B8D9 /* DashboardVC.swift */ = {isa = PBXFileReference; lastKnownFileType = sourcecode.swift; path = DashboardVC.swift; sourceTree = "<group>"; };
		83ACCFD1286E9BF30015B8D9 /* SettingsVC.swift */ = {isa = PBXFileReference; lastKnownFileType = sourcecode.swift; path = SettingsVC.swift; sourceTree = "<group>"; };
		83ACCFD3286FBA5F0015B8D9 /* SearchVC.swift */ = {isa = PBXFileReference; lastKnownFileType = sourcecode.swift; path = SearchVC.swift; sourceTree = "<group>"; };
		83ACCFD5286FBE7B0015B8D9 /* C19TextField.swift */ = {isa = PBXFileReference; lastKnownFileType = sourcecode.swift; path = C19TextField.swift; sourceTree = "<group>"; };
		83ACCFDB2873C9D50015B8D9 /* countriesData.json */ = {isa = PBXFileReference; fileEncoding = 4; lastKnownFileType = text.json; path = countriesData.json; sourceTree = "<group>"; };
		83ACCFDD2873CAFD0015B8D9 /* CountryManager.swift */ = {isa = PBXFileReference; lastKnownFileType = sourcecode.swift; path = CountryManager.swift; sourceTree = "<group>"; };
		83ACCFE12873D0750015B8D9 /* CountryIdentityData.swift */ = {isa = PBXFileReference; lastKnownFileType = sourcecode.swift; path = CountryIdentityData.swift; sourceTree = "<group>"; };
		83ACCFE3287511BC0015B8D9 /* FlagImageView.swift */ = {isa = PBXFileReference; lastKnownFileType = sourcecode.swift; path = FlagImageView.swift; sourceTree = "<group>"; };
		83ACCFE5287513A40015B8D9 /* C19TitleLabel.swift */ = {isa = PBXFileReference; lastKnownFileType = sourcecode.swift; path = C19TitleLabel.swift; sourceTree = "<group>"; };
		83ACCFE8287518260015B8D9 /* CountryListCell.swift */ = {isa = PBXFileReference; lastKnownFileType = sourcecode.swift; path = CountryListCell.swift; sourceTree = "<group>"; };
		83ACCFEB287529E70015B8D9 /* UIHelper.swift */ = {isa = PBXFileReference; lastKnownFileType = sourcecode.swift; path = UIHelper.swift; sourceTree = "<group>"; };
/* End PBXFileReference section */

/* Begin PBXFrameworksBuildPhase section */
		831EFD68288E576B0046809A /* Frameworks */ = {
			isa = PBXFrameworksBuildPhase;
			buildActionMask = 2147483647;
			files = (
				831EFD70288E576B0046809A /* SwiftUI.framework in Frameworks */,
				831EFD6E288E576B0046809A /* WidgetKit.framework in Frameworks */,
			);
			runOnlyForDeploymentPostprocessing = 0;
		};
		83ACCFAF286E6F130015B8D9 /* Frameworks */ = {
			isa = PBXFrameworksBuildPhase;
			buildActionMask = 2147483647;
			files = (
			);
			runOnlyForDeploymentPostprocessing = 0;
		};
/* End PBXFrameworksBuildPhase section */

/* Begin PBXGroup section */
		831EFD6C288E576B0046809A /* Frameworks */ = {
			isa = PBXGroup;
			children = (
				831EFD6D288E576B0046809A /* WidgetKit.framework */,
				831EFD6F288E576B0046809A /* SwiftUI.framework */,
			);
			name = Frameworks;
			sourceTree = "<group>";
		};
		831EFD71288E576B0046809A /* HelloWidget */ = {
			isa = PBXGroup;
			children = (
				831EFD7E288E57970046809A /* HelloWidgetEntry.swift */,
				831EFD7F288E57970046809A /* HelloWidgetTimelineProvider.swift */,
				831EFD80288E57970046809A /* HelloWidgetView.swift */,
				831EFD72288E576B0046809A /* HelloWidget.swift */,
				831EFD74288E576D0046809A /* Assets.xcassets */,
				831EFD76288E576D0046809A /* Info.plist */,
			);
			path = HelloWidget;
			sourceTree = "<group>";
		};
		831EFD86288E58D70046809A /* DateTimeWidget */ = {
			isa = PBXGroup;
			children = (
				831EFD87288E594D0046809A /* DateTimeEntry.swift */,
				831EFD89288E599F0046809A /* DateTimeTimelineProvider.swift */,
				831EFD8B288E59B90046809A /* DateTimeEntryView.swift */,
				831EFD8D288E59C90046809A /* DateTimeWidget.swift */,
			);
			path = DateTimeWidget;
			sourceTree = "<group>";
		};
		831EFD8F288E5A900046809A /* WidgetGroup */ = {
			isa = PBXGroup;
			children = (
				831EFD90288E5A9E0046809A /* MyWidgetBundle.swift */,
			);
			path = WidgetGroup;
			sourceTree = "<group>";
		};
		831EFD9B288E5C570046809A /* QuoteWidget */ = {
			isa = PBXGroup;
			children = (
				831EFD9C288E5C7C0046809A /* Quote.swift */,
				831EFD9E288E5C8A0046809A /* QuoteService.swift */,
				831EFDA0288E5CA80046809A /* QuoteWidgetEntry.swift */,
				831EFDA2288E5CC70046809A /* QuoteWidgetTimelineProvider.swift */,
				831EFDA4288E5CD80046809A /* QuoteWidgetView.swift */,
				831EFDA6288E5CE50046809A /* QuoteWidget.swift */,
			);
			path = QuoteWidget;
			sourceTree = "<group>";
		};
		831EFDA8288E5E2F0046809A /* WeatherWidget */ = {
			isa = PBXGroup;
			children = (
				831EFDA9288E5E5F0046809A /* Utils */,
				831EFDAA288E5E680046809A /* Models */,
				831EFDAB288E5E710046809A /* Service */,
				831EFDAC288E5E7A0046809A /* Widget */,
			);
			path = WeatherWidget;
			sourceTree = "<group>";
		};
		831EFDA9288E5E5F0046809A /* Utils */ = {
			isa = PBXGroup;
			children = (
				831EFDAD288E5F6C0046809A /* WeatherUtils.swift */,
				831EFDAF288E5F840046809A /* Date+Extensions.swift */,
			);
			path = Utils;
			sourceTree = "<group>";
		};
		831EFDAA288E5E680046809A /* Models */ = {
			isa = PBXGroup;
			children = (
				831EFDB1288E5F9D0046809A /* Weather.swift */,
			);
			path = Models;
			sourceTree = "<group>";
		};
		831EFDAB288E5E710046809A /* Service */ = {
			isa = PBXGroup;
			children = (
				831EFDB3288E5FB80046809A /* WeatherService.swift */,
			);
			path = Service;
			sourceTree = "<group>";
		};
		831EFDAC288E5E7A0046809A /* Widget */ = {
			isa = PBXGroup;
			children = (
				831EFDB5288E5FFB0046809A /* WeatherEntry.swift */,
				831EFDB7288E60050046809A /* WeatherTimelineProvider.swift */,
				831EFDB9288E600C0046809A /* WeatherWidgetView.swift */,
				831EFDBB288E60120046809A /* WeatherWidget.swift */,
			);
			path = Widget;
			sourceTree = "<group>";
		};
		831EFDBD288F66520046809A /* COVID Widget */ = {
			isa = PBXGroup;
			children = (
				831EFDC3288F67350046809A /* Utils */,
				831EFDC2288F672E0046809A /* Models */,
				831EFDC4288F67420046809A /* Service */,
				831EFDC5288F67480046809A /* Widget */,
			);
			path = "COVID Widget";
			sourceTree = "<group>";
		};
		831EFDC2288F672E0046809A /* Models */ = {
			isa = PBXGroup;
			children = (
				831EFDC6288F676E0046809A /* Covid.swift */,
			);
			path = Models;
			sourceTree = "<group>";
		};
		831EFDC3288F67350046809A /* Utils */ = {
			isa = PBXGroup;
			children = (
			);
			path = Utils;
			sourceTree = "<group>";
		};
		831EFDC4288F67420046809A /* Service */ = {
			isa = PBXGroup;
			children = (
				831EFDC8288F69DB0046809A /* CovidService.swift */,
			);
			path = Service;
			sourceTree = "<group>";
		};
		831EFDC5288F67480046809A /* Widget */ = {
			isa = PBXGroup;
			children = (
				831EFDC0288F669C0046809A /* CovidEntry.swift */,
				831EFDCA288F6A9C0046809A /* CovidTimelineProvider.swift */,
				831EFDBE288F666D0046809A /* CovidWidget.swift */,
				831EFDCC288F761A0046809A /* CovidEntryView.swift */,
			);
			path = Widget;
			sourceTree = "<group>";
		};
		834225CB2877D41600F62E58 /* Models */ = {
			isa = PBXGroup;
			children = (
				83ACCFC9286E73F90015B8D9 /* CountryCovidData.swift */,
				83ACCFE12873D0750015B8D9 /* CountryIdentityData.swift */,
			);
			path = Models;
			sourceTree = "<group>";
		};
		834225CC2877D43500F62E58 /* Managers */ = {
			isa = PBXGroup;
			children = (
				83ACCFCB286E9A780015B8D9 /* NetworkManager.swift */,
				83ACCFDD2873CAFD0015B8D9 /* CountryManager.swift */,
			);
			path = Managers;
			sourceTree = "<group>";
		};
		834225CF28847C8900F62E58 /* Labels */ = {
			isa = PBXGroup;
			children = (
				83ACCFE5287513A40015B8D9 /* C19TitleLabel.swift */,
				834225D028847CA600F62E58 /* C19SecondaryTitleLabel.swift */,
				831EFC022888D81D0046809A /* C19BodyLabel.swift */,
			);
			path = Labels;
			sourceTree = "<group>";
		};
		83ACCFA9286E6F130015B8D9 = {
			isa = PBXGroup;
			children = (
				831EFD8F288E5A900046809A /* WidgetGroup */,
				83ACCFB4286E6F130015B8D9 /* COVID-19 Statistics */,
				831EFD71288E576B0046809A /* HelloWidget */,
				831EFD86288E58D70046809A /* DateTimeWidget */,
				831EFD9B288E5C570046809A /* QuoteWidget */,
				831EFDA8288E5E2F0046809A /* WeatherWidget */,
				831EFDBD288F66520046809A /* COVID Widget */,
				831EFD6C288E576B0046809A /* Frameworks */,
				83ACCFB3286E6F130015B8D9 /* Products */,
			);
			sourceTree = "<group>";
		};
		83ACCFB3286E6F130015B8D9 /* Products */ = {
			isa = PBXGroup;
			children = (
				83ACCFB2286E6F130015B8D9 /* COVID-19 Statistics.app */,
				831EFD6B288E576B0046809A /* HelloWidgetExtension.appex */,
			);
			name = Products;
			sourceTree = "<group>";
		};
		83ACCFB4286E6F130015B8D9 /* COVID-19 Statistics */ = {
			isa = PBXGroup;
			children = (
				834225CC2877D43500F62E58 /* Managers */,
				834225CB2877D41600F62E58 /* Models */,
				83ACCFE7287516280015B8D9 /* Custom Views */,
				83ACCFDB2873C9D50015B8D9 /* countriesData.json */,
				83ACCFB5286E6F130015B8D9 /* AppDelegate.swift */,
				83ACCFB7286E6F130015B8D9 /* SceneDelegate.swift */,
				83ACCFBE286E6F150015B8D9 /* Assets.xcassets */,
				83ACCFC0286E6F150015B8D9 /* LaunchScreen.storyboard */,
				83ACCFC3286E6F150015B8D9 /* Info.plist */,
				83ACCFEA287525680015B8D9 /* Screens */,
				83ACCFEB287529E70015B8D9 /* UIHelper.swift */,
			);
			path = "COVID-19 Statistics";
			sourceTree = "<group>";
		};
		83ACCFE7287516280015B8D9 /* Custom Views */ = {
			isa = PBXGroup;
			children = (
				834225CF28847C8900F62E58 /* Labels */,
				83ACCFE3287511BC0015B8D9 /* FlagImageView.swift */,
				83ACCFD5286FBE7B0015B8D9 /* C19TextField.swift */,
				83ACCFE8287518260015B8D9 /* CountryListCell.swift */,
				831EFBF92884FDEA0046809A /* C19ItemInfoView.swift */,
				834225CD28847C2E00F62E58 /* C19CountryInfoHeaderVC.swift */,
			);
			path = "Custom Views";
			sourceTree = "<group>";
		};
		83ACCFEA287525680015B8D9 /* Screens */ = {
			isa = PBXGroup;
			children = (
				83ACCFCF286E9BC80015B8D9 /* DashboardVC.swift */,
				83ACCFD1286E9BF30015B8D9 /* SettingsVC.swift */,
				83ACCFD3286FBA5F0015B8D9 /* SearchVC.swift */,
			);
			path = Screens;
			sourceTree = "<group>";
		};
/* End PBXGroup section */

/* Begin PBXNativeTarget section */
		831EFD6A288E576B0046809A /* HelloWidgetExtension */ = {
			isa = PBXNativeTarget;
			buildConfigurationList = 831EFD7D288E576D0046809A /* Build configuration list for PBXNativeTarget "HelloWidgetExtension" */;
			buildPhases = (
				831EFD67288E576B0046809A /* Sources */,
				831EFD68288E576B0046809A /* Frameworks */,
				831EFD69288E576B0046809A /* Resources */,
			);
			buildRules = (
			);
			dependencies = (
			);
			name = HelloWidgetExtension;
			productName = HelloWidgetExtension;
			productReference = 831EFD6B288E576B0046809A /* HelloWidgetExtension.appex */;
			productType = "com.apple.product-type.app-extension";
		};
		83ACCFB1286E6F130015B8D9 /* COVID-19 Statistics */ = {
			isa = PBXNativeTarget;
			buildConfigurationList = 83ACCFC6286E6F150015B8D9 /* Build configuration list for PBXNativeTarget "COVID-19 Statistics" */;
			buildPhases = (
				83ACCFAE286E6F130015B8D9 /* Sources */,
				83ACCFAF286E6F130015B8D9 /* Frameworks */,
				83ACCFB0286E6F130015B8D9 /* Resources */,
				831EFD7A288E576D0046809A /* Embed App Extensions */,
			);
			buildRules = (
			);
			dependencies = (
				831EFD78288E576D0046809A /* PBXTargetDependency */,
			);
			name = "COVID-19 Statistics";
			productName = "COVID-19 Statistics";
			productReference = 83ACCFB2286E6F130015B8D9 /* COVID-19 Statistics.app */;
			productType = "com.apple.product-type.application";
		};
/* End PBXNativeTarget section */

/* Begin PBXProject section */
		83ACCFAA286E6F130015B8D9 /* Project object */ = {
			isa = PBXProject;
			attributes = {
				BuildIndependentTargetsInParallel = 1;
				LastSwiftUpdateCheck = 1340;
				LastUpgradeCheck = 1340;
				TargetAttributes = {
					831EFD6A288E576B0046809A = {
						CreatedOnToolsVersion = 13.4.1;
					};
					83ACCFB1286E6F130015B8D9 = {
						CreatedOnToolsVersion = 13.4.1;
					};
				};
			};
			buildConfigurationList = 83ACCFAD286E6F130015B8D9 /* Build configuration list for PBXProject "COVID-19 Statistics" */;
			compatibilityVersion = "Xcode 13.0";
			developmentRegion = en;
			hasScannedForEncodings = 0;
			knownRegions = (
				en,
				Base,
			);
			mainGroup = 83ACCFA9286E6F130015B8D9;
			productRefGroup = 83ACCFB3286E6F130015B8D9 /* Products */;
			projectDirPath = "";
			projectRoot = "";
			targets = (
				83ACCFB1286E6F130015B8D9 /* COVID-19 Statistics */,
				831EFD6A288E576B0046809A /* HelloWidgetExtension */,
			);
		};
/* End PBXProject section */

/* Begin PBXResourcesBuildPhase section */
		831EFD69288E576B0046809A /* Resources */ = {
			isa = PBXResourcesBuildPhase;
			buildActionMask = 2147483647;
			files = (
				831EFD75288E576D0046809A /* Assets.xcassets in Resources */,
			);
			runOnlyForDeploymentPostprocessing = 0;
		};
		83ACCFB0286E6F130015B8D9 /* Resources */ = {
			isa = PBXResourcesBuildPhase;
			buildActionMask = 2147483647;
			files = (
				83ACCFC2286E6F150015B8D9 /* LaunchScreen.storyboard in Resources */,
				83ACCFBF286E6F150015B8D9 /* Assets.xcassets in Resources */,
				83ACCFDC2873C9D50015B8D9 /* countriesData.json in Resources */,
			);
			runOnlyForDeploymentPostprocessing = 0;
		};
/* End PBXResourcesBuildPhase section */

/* Begin PBXSourcesBuildPhase section */
		831EFD67288E576B0046809A /* Sources */ = {
			isa = PBXSourcesBuildPhase;
			buildActionMask = 2147483647;
			files = (
				831EFD8E288E59C90046809A /* DateTimeWidget.swift in Sources */,
				831EFD8A288E599F0046809A /* DateTimeTimelineProvider.swift in Sources */,
				831EFD82288E57970046809A /* HelloWidgetTimelineProvider.swift in Sources */,
				831EFD73288E576B0046809A /* HelloWidget.swift in Sources */,
				831EFDB2288E5F9D0046809A /* Weather.swift in Sources */,
				831EFDB8288E60050046809A /* WeatherTimelineProvider.swift in Sources */,
				831EFD9F288E5C8A0046809A /* QuoteService.swift in Sources */,
				831EFDC1288F669C0046809A /* CovidEntry.swift in Sources */,
				831EFDA5288E5CD80046809A /* QuoteWidgetView.swift in Sources */,
				831EFDCB288F6A9C0046809A /* CovidTimelineProvider.swift in Sources */,
				831EFD81288E57970046809A /* HelloWidgetEntry.swift in Sources */,
				831EFDCD288F761A0046809A /* CovidEntryView.swift in Sources */,
				831EFD8C288E59B90046809A /* DateTimeEntryView.swift in Sources */,
				831EFDB0288E5F840046809A /* Date+Extensions.swift in Sources */,
				831EFD83288E57970046809A /* HelloWidgetView.swift in Sources */,
				831EFDB4288E5FB80046809A /* WeatherService.swift in Sources */,
				831EFDBF288F666D0046809A /* CovidWidget.swift in Sources */,
				831EFDC9288F69DB0046809A /* CovidService.swift in Sources */,
				831EFDBC288E60120046809A /* WeatherWidget.swift in Sources */,
				831EFD88288E594D0046809A /* DateTimeEntry.swift in Sources */,
				831EFDA7288E5CE50046809A /* QuoteWidget.swift in Sources */,
				831EFDA3288E5CC70046809A /* QuoteWidgetTimelineProvider.swift in Sources */,
				831EFDA1288E5CA80046809A /* QuoteWidgetEntry.swift in Sources */,
				831EFD9D288E5C7C0046809A /* Quote.swift in Sources */,
				831EFDAE288E5F6C0046809A /* WeatherUtils.swift in Sources */,
				831EFD91288E5A9E0046809A /* MyWidgetBundle.swift in Sources */,
				831EFDC7288F676E0046809A /* Covid.swift in Sources */,
				831EFDB6288E5FFB0046809A /* WeatherEntry.swift in Sources */,
				831EFDBA288E600C0046809A /* WeatherWidgetView.swift in Sources */,
			);
			runOnlyForDeploymentPostprocessing = 0;
		};
		83ACCFAE286E6F130015B8D9 /* Sources */ = {
			isa = PBXSourcesBuildPhase;
			buildActionMask = 2147483647;
			files = (
				83ACCFCA286E73F90015B8D9 /* CountryCovidData.swift in Sources */,
				83ACCFD0286E9BC80015B8D9 /* DashboardVC.swift in Sources */,
				83ACCFCC286E9A780015B8D9 /* NetworkManager.swift in Sources */,
				83ACCFD6286FBE7B0015B8D9 /* C19TextField.swift in Sources */,
				831EFC032888D81D0046809A /* C19BodyLabel.swift in Sources */,
				831EFBFA2884FDEA0046809A /* C19ItemInfoView.swift in Sources */,
				83ACCFE22873D0750015B8D9 /* CountryIdentityData.swift in Sources */,
				83ACCFB6286E6F130015B8D9 /* AppDelegate.swift in Sources */,
				83ACCFE9287518260015B8D9 /* CountryListCell.swift in Sources */,
				83ACCFDE2873CAFD0015B8D9 /* CountryManager.swift in Sources */,
				83ACCFB8286E6F130015B8D9 /* SceneDelegate.swift in Sources */,
				83ACCFD2286E9BF30015B8D9 /* SettingsVC.swift in Sources */,
				83ACCFE6287513A40015B8D9 /* C19TitleLabel.swift in Sources */,
				834225CE28847C2E00F62E58 /* C19CountryInfoHeaderVC.swift in Sources */,
				83ACCFD4286FBA5F0015B8D9 /* SearchVC.swift in Sources */,
				83ACCFE4287511BC0015B8D9 /* FlagImageView.swift in Sources */,
				834225D128847CA600F62E58 /* C19SecondaryTitleLabel.swift in Sources */,
				83ACCFEC287529E70015B8D9 /* UIHelper.swift in Sources */,
			);
			runOnlyForDeploymentPostprocessing = 0;
		};
/* End PBXSourcesBuildPhase section */

/* Begin PBXTargetDependency section */
		831EFD78288E576D0046809A /* PBXTargetDependency */ = {
			isa = PBXTargetDependency;
			target = 831EFD6A288E576B0046809A /* HelloWidgetExtension */;
			targetProxy = 831EFD77288E576D0046809A /* PBXContainerItemProxy */;
		};
/* End PBXTargetDependency section */

/* Begin PBXVariantGroup section */
		83ACCFC0286E6F150015B8D9 /* LaunchScreen.storyboard */ = {
			isa = PBXVariantGroup;
			children = (
				83ACCFC1286E6F150015B8D9 /* Base */,
			);
			name = LaunchScreen.storyboard;
			sourceTree = "<group>";
		};
/* End PBXVariantGroup section */

/* Begin XCBuildConfiguration section */
		831EFD7B288E576D0046809A /* Debug */ = {
			isa = XCBuildConfiguration;
			buildSettings = {
				ASSETCATALOG_COMPILER_GLOBAL_ACCENT_COLOR_NAME = AccentColor;
				ASSETCATALOG_COMPILER_WIDGET_BACKGROUND_COLOR_NAME = WidgetBackground;
				CODE_SIGN_STYLE = Automatic;
				CURRENT_PROJECT_VERSION = 1;
				DEVELOPMENT_TEAM = 95TR32UGAS;
				GENERATE_INFOPLIST_FILE = YES;
				INFOPLIST_FILE = HelloWidget/Info.plist;
				INFOPLIST_KEY_CFBundleDisplayName = HelloWidget;
				INFOPLIST_KEY_NSHumanReadableCopyright = "";
				LD_RUNPATH_SEARCH_PATHS = (
					"$(inherited)",
					"@executable_path/Frameworks",
					"@executable_path/../../Frameworks",
				);
				MARKETING_VERSION = 1.0;
				PRODUCT_BUNDLE_IDENTIFIER = "com.chrisloreta.COVID-19-Statistics.HelloWidget";
				PRODUCT_NAME = "$(TARGET_NAME)";
				SKIP_INSTALL = YES;
				SWIFT_EMIT_LOC_STRINGS = YES;
				SWIFT_VERSION = 5.0;
				TARGETED_DEVICE_FAMILY = "1,2";
			};
			name = Debug;
		};
		831EFD7C288E576D0046809A /* Release */ = {
			isa = XCBuildConfiguration;
			buildSettings = {
				ASSETCATALOG_COMPILER_GLOBAL_ACCENT_COLOR_NAME = AccentColor;
				ASSETCATALOG_COMPILER_WIDGET_BACKGROUND_COLOR_NAME = WidgetBackground;
				CODE_SIGN_STYLE = Automatic;
				CURRENT_PROJECT_VERSION = 1;
				DEVELOPMENT_TEAM = 95TR32UGAS;
				GENERATE_INFOPLIST_FILE = YES;
				INFOPLIST_FILE = HelloWidget/Info.plist;
				INFOPLIST_KEY_CFBundleDisplayName = HelloWidget;
				INFOPLIST_KEY_NSHumanReadableCopyright = "";
				LD_RUNPATH_SEARCH_PATHS = (
					"$(inherited)",
					"@executable_path/Frameworks",
					"@executable_path/../../Frameworks",
				);
				MARKETING_VERSION = 1.0;
				PRODUCT_BUNDLE_IDENTIFIER = "com.chrisloreta.COVID-19-Statistics.HelloWidget";
				PRODUCT_NAME = "$(TARGET_NAME)";
				SKIP_INSTALL = YES;
				SWIFT_EMIT_LOC_STRINGS = YES;
				SWIFT_VERSION = 5.0;
				TARGETED_DEVICE_FAMILY = "1,2";
			};
			name = Release;
		};
		83ACCFC4286E6F150015B8D9 /* Debug */ = {
			isa = XCBuildConfiguration;
			buildSettings = {
				ALWAYS_SEARCH_USER_PATHS = NO;
				CLANG_ANALYZER_NONNULL = YES;
				CLANG_ANALYZER_NUMBER_OBJECT_CONVERSION = YES_AGGRESSIVE;
				CLANG_CXX_LANGUAGE_STANDARD = "gnu++17";
				CLANG_ENABLE_MODULES = YES;
				CLANG_ENABLE_OBJC_ARC = YES;
				CLANG_ENABLE_OBJC_WEAK = YES;
				CLANG_WARN_BLOCK_CAPTURE_AUTORELEASING = YES;
				CLANG_WARN_BOOL_CONVERSION = YES;
				CLANG_WARN_COMMA = YES;
				CLANG_WARN_CONSTANT_CONVERSION = YES;
				CLANG_WARN_DEPRECATED_OBJC_IMPLEMENTATIONS = YES;
				CLANG_WARN_DIRECT_OBJC_ISA_USAGE = YES_ERROR;
				CLANG_WARN_DOCUMENTATION_COMMENTS = YES;
				CLANG_WARN_EMPTY_BODY = YES;
				CLANG_WARN_ENUM_CONVERSION = YES;
				CLANG_WARN_INFINITE_RECURSION = YES;
				CLANG_WARN_INT_CONVERSION = YES;
				CLANG_WARN_NON_LITERAL_NULL_CONVERSION = YES;
				CLANG_WARN_OBJC_IMPLICIT_RETAIN_SELF = YES;
				CLANG_WARN_OBJC_LITERAL_CONVERSION = YES;
				CLANG_WARN_OBJC_ROOT_CLASS = YES_ERROR;
				CLANG_WARN_QUOTED_INCLUDE_IN_FRAMEWORK_HEADER = YES;
				CLANG_WARN_RANGE_LOOP_ANALYSIS = YES;
				CLANG_WARN_STRICT_PROTOTYPES = YES;
				CLANG_WARN_SUSPICIOUS_MOVE = YES;
				CLANG_WARN_UNGUARDED_AVAILABILITY = YES_AGGRESSIVE;
				CLANG_WARN_UNREACHABLE_CODE = YES;
				CLANG_WARN__DUPLICATE_METHOD_MATCH = YES;
				COPY_PHASE_STRIP = NO;
				DEBUG_INFORMATION_FORMAT = dwarf;
				ENABLE_STRICT_OBJC_MSGSEND = YES;
				ENABLE_TESTABILITY = YES;
				GCC_C_LANGUAGE_STANDARD = gnu11;
				GCC_DYNAMIC_NO_PIC = NO;
				GCC_NO_COMMON_BLOCKS = YES;
				GCC_OPTIMIZATION_LEVEL = 0;
				GCC_PREPROCESSOR_DEFINITIONS = (
					"DEBUG=1",
					"$(inherited)",
				);
				GCC_WARN_64_TO_32_BIT_CONVERSION = YES;
				GCC_WARN_ABOUT_RETURN_TYPE = YES_ERROR;
				GCC_WARN_UNDECLARED_SELECTOR = YES;
				GCC_WARN_UNINITIALIZED_AUTOS = YES_AGGRESSIVE;
				GCC_WARN_UNUSED_FUNCTION = YES;
				GCC_WARN_UNUSED_VARIABLE = YES;
				IPHONEOS_DEPLOYMENT_TARGET = 15.5;
				MTL_ENABLE_DEBUG_INFO = INCLUDE_SOURCE;
				MTL_FAST_MATH = YES;
				ONLY_ACTIVE_ARCH = YES;
				SDKROOT = iphoneos;
				SWIFT_ACTIVE_COMPILATION_CONDITIONS = DEBUG;
				SWIFT_OPTIMIZATION_LEVEL = "-Onone";
			};
			name = Debug;
		};
		83ACCFC5286E6F150015B8D9 /* Release */ = {
			isa = XCBuildConfiguration;
			buildSettings = {
				ALWAYS_SEARCH_USER_PATHS = NO;
				CLANG_ANALYZER_NONNULL = YES;
				CLANG_ANALYZER_NUMBER_OBJECT_CONVERSION = YES_AGGRESSIVE;
				CLANG_CXX_LANGUAGE_STANDARD = "gnu++17";
				CLANG_ENABLE_MODULES = YES;
				CLANG_ENABLE_OBJC_ARC = YES;
				CLANG_ENABLE_OBJC_WEAK = YES;
				CLANG_WARN_BLOCK_CAPTURE_AUTORELEASING = YES;
				CLANG_WARN_BOOL_CONVERSION = YES;
				CLANG_WARN_COMMA = YES;
				CLANG_WARN_CONSTANT_CONVERSION = YES;
				CLANG_WARN_DEPRECATED_OBJC_IMPLEMENTATIONS = YES;
				CLANG_WARN_DIRECT_OBJC_ISA_USAGE = YES_ERROR;
				CLANG_WARN_DOCUMENTATION_COMMENTS = YES;
				CLANG_WARN_EMPTY_BODY = YES;
				CLANG_WARN_ENUM_CONVERSION = YES;
				CLANG_WARN_INFINITE_RECURSION = YES;
				CLANG_WARN_INT_CONVERSION = YES;
				CLANG_WARN_NON_LITERAL_NULL_CONVERSION = YES;
				CLANG_WARN_OBJC_IMPLICIT_RETAIN_SELF = YES;
				CLANG_WARN_OBJC_LITERAL_CONVERSION = YES;
				CLANG_WARN_OBJC_ROOT_CLASS = YES_ERROR;
				CLANG_WARN_QUOTED_INCLUDE_IN_FRAMEWORK_HEADER = YES;
				CLANG_WARN_RANGE_LOOP_ANALYSIS = YES;
				CLANG_WARN_STRICT_PROTOTYPES = YES;
				CLANG_WARN_SUSPICIOUS_MOVE = YES;
				CLANG_WARN_UNGUARDED_AVAILABILITY = YES_AGGRESSIVE;
				CLANG_WARN_UNREACHABLE_CODE = YES;
				CLANG_WARN__DUPLICATE_METHOD_MATCH = YES;
				COPY_PHASE_STRIP = NO;
				DEBUG_INFORMATION_FORMAT = "dwarf-with-dsym";
				ENABLE_NS_ASSERTIONS = NO;
				ENABLE_STRICT_OBJC_MSGSEND = YES;
				GCC_C_LANGUAGE_STANDARD = gnu11;
				GCC_NO_COMMON_BLOCKS = YES;
				GCC_WARN_64_TO_32_BIT_CONVERSION = YES;
				GCC_WARN_ABOUT_RETURN_TYPE = YES_ERROR;
				GCC_WARN_UNDECLARED_SELECTOR = YES;
				GCC_WARN_UNINITIALIZED_AUTOS = YES_AGGRESSIVE;
				GCC_WARN_UNUSED_FUNCTION = YES;
				GCC_WARN_UNUSED_VARIABLE = YES;
				IPHONEOS_DEPLOYMENT_TARGET = 15.5;
				MTL_ENABLE_DEBUG_INFO = NO;
				MTL_FAST_MATH = YES;
				SDKROOT = iphoneos;
				SWIFT_COMPILATION_MODE = wholemodule;
				SWIFT_OPTIMIZATION_LEVEL = "-O";
				VALIDATE_PRODUCT = YES;
			};
			name = Release;
		};
		83ACCFC7286E6F150015B8D9 /* Debug */ = {
			isa = XCBuildConfiguration;
			buildSettings = {
				ALWAYS_EMBED_SWIFT_STANDARD_LIBRARIES = YES;
				ASSETCATALOG_COMPILER_APPICON_NAME = AppIcon;
				ASSETCATALOG_COMPILER_GLOBAL_ACCENT_COLOR_NAME = AccentColor;
				CODE_SIGN_STYLE = Automatic;
				CURRENT_PROJECT_VERSION = 1;
				DEVELOPMENT_TEAM = 95TR32UGAS;
				GENERATE_INFOPLIST_FILE = YES;
				INFOPLIST_FILE = "COVID-19 Statistics/Info.plist";
				INFOPLIST_KEY_UIApplicationSupportsIndirectInputEvents = YES;
				INFOPLIST_KEY_UILaunchStoryboardName = LaunchScreen;
				INFOPLIST_KEY_UISupportedInterfaceOrientations = UIInterfaceOrientationPortrait;
				INFOPLIST_KEY_UISupportedInterfaceOrientations_iPad = "UIInterfaceOrientationPortrait UIInterfaceOrientationPortraitUpsideDown UIInterfaceOrientationLandscapeLeft UIInterfaceOrientationLandscapeRight";
				INFOPLIST_KEY_UISupportedInterfaceOrientations_iPhone = "UIInterfaceOrientationPortrait UIInterfaceOrientationLandscapeLeft UIInterfaceOrientationLandscapeRight";
				LD_RUNPATH_SEARCH_PATHS = (
					"$(inherited)",
					"@executable_path/Frameworks",
				);
				MARKETING_VERSION = 1.0;
				PRODUCT_BUNDLE_IDENTIFIER = "com.chrisloreta.COVID-19-Statistics";
				PRODUCT_NAME = "$(TARGET_NAME)";
				SWIFT_EMIT_LOC_STRINGS = YES;
				SWIFT_VERSION = 5.0;
				TARGETED_DEVICE_FAMILY = 1;
			};
			name = Debug;
		};
		83ACCFC8286E6F150015B8D9 /* Release */ = {
			isa = XCBuildConfiguration;
			buildSettings = {
				ALWAYS_EMBED_SWIFT_STANDARD_LIBRARIES = YES;
				ASSETCATALOG_COMPILER_APPICON_NAME = AppIcon;
				ASSETCATALOG_COMPILER_GLOBAL_ACCENT_COLOR_NAME = AccentColor;
				CODE_SIGN_STYLE = Automatic;
				CURRENT_PROJECT_VERSION = 1;
				DEVELOPMENT_TEAM = 95TR32UGAS;
				GENERATE_INFOPLIST_FILE = YES;
				INFOPLIST_FILE = "COVID-19 Statistics/Info.plist";
				INFOPLIST_KEY_UIApplicationSupportsIndirectInputEvents = YES;
				INFOPLIST_KEY_UILaunchStoryboardName = LaunchScreen;
				INFOPLIST_KEY_UISupportedInterfaceOrientations = UIInterfaceOrientationPortrait;
				INFOPLIST_KEY_UISupportedInterfaceOrientations_iPad = "UIInterfaceOrientationPortrait UIInterfaceOrientationPortraitUpsideDown UIInterfaceOrientationLandscapeLeft UIInterfaceOrientationLandscapeRight";
				INFOPLIST_KEY_UISupportedInterfaceOrientations_iPhone = "UIInterfaceOrientationPortrait UIInterfaceOrientationLandscapeLeft UIInterfaceOrientationLandscapeRight";
				LD_RUNPATH_SEARCH_PATHS = (
					"$(inherited)",
					"@executable_path/Frameworks",
				);
				MARKETING_VERSION = 1.0;
				PRODUCT_BUNDLE_IDENTIFIER = "com.chrisloreta.COVID-19-Statistics";
				PRODUCT_NAME = "$(TARGET_NAME)";
				SWIFT_EMIT_LOC_STRINGS = YES;
				SWIFT_VERSION = 5.0;
				TARGETED_DEVICE_FAMILY = 1;
			};
			name = Release;
		};
/* End XCBuildConfiguration section */

/* Begin XCConfigurationList section */
		831EFD7D288E576D0046809A /* Build configuration list for PBXNativeTarget "HelloWidgetExtension" */ = {
			isa = XCConfigurationList;
			buildConfigurations = (
				831EFD7B288E576D0046809A /* Debug */,
				831EFD7C288E576D0046809A /* Release */,
			);
			defaultConfigurationIsVisible = 0;
			defaultConfigurationName = Release;
		};
		83ACCFAD286E6F130015B8D9 /* Build configuration list for PBXProject "COVID-19 Statistics" */ = {
			isa = XCConfigurationList;
			buildConfigurations = (
				83ACCFC4286E6F150015B8D9 /* Debug */,
				83ACCFC5286E6F150015B8D9 /* Release */,
			);
			defaultConfigurationIsVisible = 0;
			defaultConfigurationName = Release;
		};
		83ACCFC6286E6F150015B8D9 /* Build configuration list for PBXNativeTarget "COVID-19 Statistics" */ = {
			isa = XCConfigurationList;
			buildConfigurations = (
				83ACCFC7286E6F150015B8D9 /* Debug */,
				83ACCFC8286E6F150015B8D9 /* Release */,
			);
			defaultConfigurationIsVisible = 0;
			defaultConfigurationName = Release;
		};
/* End XCConfigurationList section */
	};
	rootObject = 83ACCFAA286E6F130015B8D9 /* Project object */;
}
